
Microsoft Visual Studio Solution File, Format Version 12.00
# Visual Studio Version 17
VisualStudioVersion = 17.13.35919.96 d17.13
MinimumVisualStudioVersion = 10.0.40219.1
Project("{FAE04EC0-301F-11D3-BF4B-00C04F79EFBC}") = "ControleImpressoes", "ControleImpressoes\ControleImpressoes.csproj", "{BB36E9BF-844B-4C55-861E-222AC4DD8E09}"
EndProject
Global
	GlobalSection(SolutionConfigurationPlatforms) = preSolution
		Debug|Any CPU = Debug|Any CPU
		Release|Any CPU = Release|Any CPU
	EndGlobalSection
	GlobalSection(ProjectConfigurationPlatforms) = postSolution
		{BB36E9BF-844B-4C55-861E-222AC4DD8E09}.Debug|Any CPU.ActiveCfg = Debug|Any CPU
		{BB36E9BF-844B-4C55-861E-222AC4DD8E09}.Debug|Any CPU.Build.0 = Debug|Any CPU
		{BB36E9BF-844B-4C55-861E-222AC4DD8E09}.Release|Any CPU.ActiveCfg = Release|Any CPU
		{BB36E9BF-844B-4C55-861E-222AC4DD8E09}.Release|Any CPU.Build.0 = Release|Any CPU
	EndGlobalSection
	GlobalSection(SolutionProperties) = preSolution
		HideSolutionNode = FALSE
	EndGlobalSection
	GlobalSection(ExtensibilityGlobals) = postSolution
		SolutionGuid = {1FF4EFD2-B39A-4B37-AE91-4276265323D1}
	EndGlobalSection
EndGlobal
